
Microsoft Visual Studio Solution File, Format Version 12.00
# Visual Studio Version 17
VisualStudioVersion = 17.1.32210.238
MinimumVisualStudioVersion = 10.0.40219.1
Project("{FAE04EC0-301F-11D3-BF4B-00C04F79EFBC}") = "Server", "Server.csproj", "{82C603D1-64E5-4B46-8D54-E5CEFF628AC0}"
EndProject
Global
	GlobalSection(SolutionConfigurationPlatforms) = preSolution
		Debug|Any CPU = Debug|Any CPU
		Release|Any CPU = Release|Any CPU
	EndGlobalSection
	GlobalSection(ProjectConfigurationPlatforms) = postSolution
		{82C603D1-64E5-4B46-8D54-E5CEFF628AC0}.Debug|Any CPU.ActiveCfg = Debug|Any CPU
		{82C603D1-64E5-4B46-8D54-E5CEFF628AC0}.Debug|Any CPU.Build.0 = Debug|Any CPU
		{82C603D1-64E5-4B46-8D54-E5CEFF628AC0}.Release|Any CPU.ActiveCfg = Release|Any CPU
		{82C603D1-64E5-4B46-8D54-E5CEFF628AC0}.Release|Any CPU.Build.0 = Release|Any CPU
	EndGlobalSection
	GlobalSection(SolutionProperties) = preSolution
		HideSolutionNode = FALSE
	EndGlobalSection
	GlobalSection(ExtensibilityGlobals) = postSolution
		SolutionGuid = {A754A670-EB35-4ABF-AD33-EC3223FA1EF5}
	EndGlobalSection
EndGlobal
